
Microsoft Visual Studio Solution File, Format Version 12.00
# Visual Studio Version 17
VisualStudioVersion = 17.12.35707.178
MinimumVisualStudioVersion = 10.0.40219.1
Project("{FAE04EC0-301F-11D3-BF4B-00C04F79EFBC}") = "AutoDetail.Dtos", "AutoDetail.Dtos\AutoDetail.Dtos.csproj", "{C74141BB-E52B-42CC-8AE4-BD4C51D2EFB1}"
EndProject
Project("{FAE04EC0-301F-11D3-BF4B-00C04F79EFBC}") = "AutoDetail.DAL", "AutoDetail.DAL\AutoDetail.DAL.csproj", "{1EC43070-0833-4321-8EB8-20011DCA713C}"
EndProject
Project("{FAE04EC0-301F-11D3-BF4B-00C04F79EFBC}") = "AutoDetail.Core", "AutoDetail.Core\AutoDetail.Core.csproj", "{4DA1D9CB-047C-49EA-BFA5-E5E369CF96DC}"
EndProject
Project("{FAE04EC0-301F-11D3-BF4B-00C04F79EFBC}") = "AutoDetail.Host", "AutoDetail.Host\AutoDetail.Host.csproj", "{773C4EBD-0D24-4FD0-A7BF-3D449CB53790}"
EndProject
Global
	GlobalSection(SolutionConfigurationPlatforms) = preSolution
		Debug|Any CPU = Debug|Any CPU
		Release|Any CPU = Release|Any CPU
	EndGlobalSection
	GlobalSection(ProjectConfigurationPlatforms) = postSolution
		{C74141BB-E52B-42CC-8AE4-BD4C51D2EFB1}.Debug|Any CPU.ActiveCfg = Debug|Any CPU
		{C74141BB-E52B-42CC-8AE4-BD4C51D2EFB1}.Debug|Any CPU.Build.0 = Debug|Any CPU
		{C74141BB-E52B-42CC-8AE4-BD4C51D2EFB1}.Release|Any CPU.ActiveCfg = Release|Any CPU
		{C74141BB-E52B-42CC-8AE4-BD4C51D2EFB1}.Release|Any CPU.Build.0 = Release|Any CPU
		{1EC43070-0833-4321-8EB8-20011DCA713C}.Debug|Any CPU.ActiveCfg = Debug|Any CPU
		{1EC43070-0833-4321-8EB8-20011DCA713C}.Debug|Any CPU.Build.0 = Debug|Any CPU
		{1EC43070-0833-4321-8EB8-20011DCA713C}.Release|Any CPU.ActiveCfg = Release|Any CPU
		{1EC43070-0833-4321-8EB8-20011DCA713C}.Release|Any CPU.Build.0 = Release|Any CPU
		{4DA1D9CB-047C-49EA-BFA5-E5E369CF96DC}.Debug|Any CPU.ActiveCfg = Debug|Any CPU
		{4DA1D9CB-047C-49EA-BFA5-E5E369CF96DC}.Debug|Any CPU.Build.0 = Debug|Any CPU
		{4DA1D9CB-047C-49EA-BFA5-E5E369CF96DC}.Release|Any CPU.ActiveCfg = Release|Any CPU
		{4DA1D9CB-047C-49EA-BFA5-E5E369CF96DC}.Release|Any CPU.Build.0 = Release|Any CPU
		{773C4EBD-0D24-4FD0-A7BF-3D449CB53790}.Debug|Any CPU.ActiveCfg = Debug|Any CPU
		{773C4EBD-0D24-4FD0-A7BF-3D449CB53790}.Debug|Any CPU.Build.0 = Debug|Any CPU
		{773C4EBD-0D24-4FD0-A7BF-3D449CB53790}.Release|Any CPU.ActiveCfg = Release|Any CPU
		{773C4EBD-0D24-4FD0-A7BF-3D449CB53790}.Release|Any CPU.Build.0 = Release|Any CPU
	EndGlobalSection
	GlobalSection(SolutionProperties) = preSolution
		HideSolutionNode = FALSE
	EndGlobalSection
	GlobalSection(ExtensibilityGlobals) = postSolution
		SolutionGuid = {2623D836-DC9E-409B-8BDF-557D9D8D15B7}
	EndGlobalSection
EndGlobal
